// !$*UTF8*$!
{
	archiveVersion = 1;
	classes = {
	};
	objectVersion = 46;
	objects = {

/* Begin PBXBuildFile section */
		42148276140580F0008672AB /* ResultsView.m in Sources */ = {isa = PBXBuildFile; fileRef = 42148274140580F0008672AB /* ResultsView.m */; };
		42148277140580F0008672AB /* ResultsView.xib in Resources */ = {isa = PBXBuildFile; fileRef = 42148275140580F0008672AB /* ResultsView.xib */; };
		4214A3F8140392A40030E066 /* Student.m in Sources */ = {isa = PBXBuildFile; fileRef = 4214A3F7140392A40030E066 /* Student.m */; };
		4214A3FC140392C10030E066 /* Period.m in Sources */ = {isa = PBXBuildFile; fileRef = 4214A3FB140392C10030E066 /* Period.m */; };
		4214A3FF140392CB0030E066 /* Result.m in Sources */ = {isa = PBXBuildFile; fileRef = 4214A3FE140392CB0030E066 /* Result.m */; };
		4214A4081403B16A0030E066 /* test.m in Sources */ = {isa = PBXBuildFile; fileRef = 4214A4071403B16A0030E066 /* test.m */; };
		421FDE0F14016D3700571393 /* LoginWindow.m in Sources */ = {isa = PBXBuildFile; fileRef = 421FDE0D14016D3700571393 /* LoginWindow.m */; };
		421FDE1014016D3700571393 /* LoginWindow.xib in Resources */ = {isa = PBXBuildFile; fileRef = 421FDE0E14016D3700571393 /* LoginWindow.xib */; };
		428D01C41403DC400025D2B2 /* Report.m in Sources */ = {isa = PBXBuildFile; fileRef = 428D01C31403DC400025D2B2 /* Report.m */; };
		42A58E3913F2A290002D8DD8 /* UIKit.framework in Frameworks */ = {isa = PBXBuildFile; fileRef = 42A58E3813F2A290002D8DD8 /* UIKit.framework */; };
		42A58E3B13F2A290002D8DD8 /* Foundation.framework in Frameworks */ = {isa = PBXBuildFile; fileRef = 42A58E3A13F2A290002D8DD8 /* Foundation.framework */; };
		42A58E3D13F2A290002D8DD8 /* CoreGraphics.framework in Frameworks */ = {isa = PBXBuildFile; fileRef = 42A58E3C13F2A290002D8DD8 /* CoreGraphics.framework */; };
		42A58E4313F2A290002D8DD8 /* InfoPlist.strings in Resources */ = {isa = PBXBuildFile; fileRef = 42A58E4113F2A290002D8DD8 /* InfoPlist.strings */; };
		42A58E4513F2A290002D8DD8 /* main.m in Sources */ = {isa = PBXBuildFile; fileRef = 42A58E4413F2A290002D8DD8 /* main.m */; };
		42A58E4913F2A290002D8DD8 /* FontysAppAppDelegate.m in Sources */ = {isa = PBXBuildFile; fileRef = 42A58E4813F2A290002D8DD8 /* FontysAppAppDelegate.m */; };
		42A58E4C13F2A290002D8DD8 /* MainWindow.xib in Resources */ = {isa = PBXBuildFile; fileRef = 42A58E4A13F2A290002D8DD8 /* MainWindow.xib */; };
/* End PBXBuildFile section */

/* Begin PBXFileReference section */
		42148273140580F0008672AB /* ResultsView.h */ = {isa = PBXFileReference; fileEncoding = 4; lastKnownFileType = sourcecode.c.h; path = ResultsView.h; sourceTree = "<group>"; };
		42148274140580F0008672AB /* ResultsView.m */ = {isa = PBXFileReference; fileEncoding = 4; lastKnownFileType = sourcecode.c.objc; path = ResultsView.m; sourceTree = "<group>"; };
		42148275140580F0008672AB /* ResultsView.xib */ = {isa = PBXFileReference; fileEncoding = 4; lastKnownFileType = file.xib; path = ResultsView.xib; sourceTree = "<group>"; };
		4214A3F6140392A30030E066 /* Student.h */ = {isa = PBXFileReference; fileEncoding = 4; lastKnownFileType = sourcecode.c.h; path = Student.h; sourceTree = "<group>"; };
		4214A3F7140392A40030E066 /* Student.m */ = {isa = PBXFileReference; fileEncoding = 4; lastKnownFileType = sourcecode.c.objc; path = Student.m; sourceTree = "<group>"; };
		4214A3FA140392C10030E066 /* Period.h */ = {isa = PBXFileReference; fileEncoding = 4; lastKnownFileType = sourcecode.c.h; path = Period.h; sourceTree = "<group>"; };
		4214A3FB140392C10030E066 /* Period.m */ = {isa = PBXFileReference; fileEncoding = 4; lastKnownFileType = sourcecode.c.objc; path = Period.m; sourceTree = "<group>"; };
		4214A3FD140392CB0030E066 /* Result.h */ = {isa = PBXFileReference; fileEncoding = 4; lastKnownFileType = sourcecode.c.h; path = Result.h; sourceTree = "<group>"; };
		4214A3FE140392CB0030E066 /* Result.m */ = {isa = PBXFileReference; fileEncoding = 4; lastKnownFileType = sourcecode.c.objc; path = Result.m; sourceTree = "<group>"; };
		4214A4061403B16A0030E066 /* test.h */ = {isa = PBXFileReference; fileEncoding = 4; lastKnownFileType = sourcecode.c.h; path = test.h; sourceTree = "<group>"; };
		4214A4071403B16A0030E066 /* test.m */ = {isa = PBXFileReference; fileEncoding = 4; lastKnownFileType = sourcecode.c.objc; path = test.m; sourceTree = "<group>"; };
		421FDE0C14016D3700571393 /* LoginWindow.h */ = {isa = PBXFileReference; fileEncoding = 4; lastKnownFileType = sourcecode.c.h; name = LoginWindow.h; path = ../LoginWindow.h; sourceTree = "<group>"; };
		421FDE0D14016D3700571393 /* LoginWindow.m */ = {isa = PBXFileReference; fileEncoding = 4; lastKnownFileType = sourcecode.c.objc; name = LoginWindow.m; path = ../LoginWindow.m; sourceTree = "<group>"; };
		421FDE0E14016D3700571393 /* LoginWindow.xib */ = {isa = PBXFileReference; fileEncoding = 4; lastKnownFileType = file.xib; name = LoginWindow.xib; path = ../LoginWindow.xib; sourceTree = "<group>"; };
		428D01C21403DC400025D2B2 /* Report.h */ = {isa = PBXFileReference; fileEncoding = 4; lastKnownFileType = sourcecode.c.h; path = Report.h; sourceTree = "<group>"; };
		428D01C31403DC400025D2B2 /* Report.m */ = {isa = PBXFileReference; fileEncoding = 4; lastKnownFileType = sourcecode.c.objc; path = Report.m; sourceTree = "<group>"; };
		42A58E3413F2A290002D8DD8 /* FontysApp.app */ = {isa = PBXFileReference; explicitFileType = wrapper.application; includeInIndex = 0; path = FontysApp.app; sourceTree = BUILT_PRODUCTS_DIR; };
		42A58E3813F2A290002D8DD8 /* UIKit.framework */ = {isa = PBXFileReference; lastKnownFileType = wrapper.framework; name = UIKit.framework; path = System/Library/Frameworks/UIKit.framework; sourceTree = SDKROOT; };
		42A58E3A13F2A290002D8DD8 /* Foundation.framework */ = {isa = PBXFileReference; lastKnownFileType = wrapper.framework; name = Foundation.framework; path = System/Library/Frameworks/Foundation.framework; sourceTree = SDKROOT; };
		42A58E3C13F2A290002D8DD8 /* CoreGraphics.framework */ = {isa = PBXFileReference; lastKnownFileType = wrapper.framework; name = CoreGraphics.framework; path = System/Library/Frameworks/CoreGraphics.framework; sourceTree = SDKROOT; };
		42A58E4013F2A290002D8DD8 /* FontysApp-Info.plist */ = {isa = PBXFileReference; lastKnownFileType = text.plist.xml; path = "FontysApp-Info.plist"; sourceTree = "<group>"; };
		42A58E4213F2A290002D8DD8 /* en */ = {isa = PBXFileReference; lastKnownFileType = text.plist.strings; name = en; path = en.lproj/InfoPlist.strings; sourceTree = "<group>"; };
		42A58E4413F2A290002D8DD8 /* main.m */ = {isa = PBXFileReference; lastKnownFileType = sourcecode.c.objc; path = main.m; sourceTree = "<group>"; };
		42A58E4613F2A290002D8DD8 /* FontysApp-Prefix.pch */ = {isa = PBXFileReference; lastKnownFileType = sourcecode.c.h; path = "FontysApp-Prefix.pch"; sourceTree = "<group>"; };
		42A58E4713F2A290002D8DD8 /* FontysAppAppDelegate.h */ = {isa = PBXFileReference; lastKnownFileType = sourcecode.c.h; path = FontysAppAppDelegate.h; sourceTree = "<group>"; };
		42A58E4813F2A290002D8DD8 /* FontysAppAppDelegate.m */ = {isa = PBXFileReference; lastKnownFileType = sourcecode.c.objc; path = FontysAppAppDelegate.m; sourceTree = "<group>"; };
		42A58E4B13F2A290002D8DD8 /* en */ = {isa = PBXFileReference; lastKnownFileType = file.xib; name = en; path = en.lproj/MainWindow.xib; sourceTree = "<group>"; };
/* End PBXFileReference section */

/* Begin PBXFrameworksBuildPhase section */
		42A58E3113F2A290002D8DD8 /* Frameworks */ = {
			isa = PBXFrameworksBuildPhase;
			buildActionMask = 2147483647;
			files = (
				42A58E3913F2A290002D8DD8 /* UIKit.framework in Frameworks */,
				42A58E3B13F2A290002D8DD8 /* Foundation.framework in Frameworks */,
				42A58E3D13F2A290002D8DD8 /* CoreGraphics.framework in Frameworks */,
			);
			runOnlyForDeploymentPostprocessing = 0;
		};
/* End PBXFrameworksBuildPhase section */

/* Begin PBXGroup section */
		42A58E2913F2A290002D8DD8 = {
			isa = PBXGroup;
			children = (
				42A58E3E13F2A290002D8DD8 /* FontysApp */,
				42A58E3713F2A290002D8DD8 /* Frameworks */,
				42A58E3513F2A290002D8DD8 /* Products */,
			);
			sourceTree = "<group>";
		};
		42A58E3513F2A290002D8DD8 /* Products */ = {
			isa = PBXGroup;
			children = (
				42A58E3413F2A290002D8DD8 /* FontysApp.app */,
			);
			name = Products;
			sourceTree = "<group>";
		};
		42A58E3713F2A290002D8DD8 /* Frameworks */ = {
			isa = PBXGroup;
			children = (
				42A58E3813F2A290002D8DD8 /* UIKit.framework */,
				42A58E3A13F2A290002D8DD8 /* Foundation.framework */,
				42A58E3C13F2A290002D8DD8 /* CoreGraphics.framework */,
			);
			name = Frameworks;
			sourceTree = "<group>";
		};
		42A58E3E13F2A290002D8DD8 /* FontysApp */ = {
			isa = PBXGroup;
			children = (
				42A58E4713F2A290002D8DD8 /* FontysAppAppDelegate.h */,
				42A58E4813F2A290002D8DD8 /* FontysAppAppDelegate.m */,
				42A58E4A13F2A290002D8DD8 /* MainWindow.xib */,
				421FDE0C14016D3700571393 /* LoginWindow.h */,
				421FDE0D14016D3700571393 /* LoginWindow.m */,
				421FDE0E14016D3700571393 /* LoginWindow.xib */,
				42148273140580F0008672AB /* ResultsView.h */,
				42148274140580F0008672AB /* ResultsView.m */,
				42148275140580F0008672AB /* ResultsView.xib */,
				428D01C21403DC400025D2B2 /* Report.h */,
				428D01C31403DC400025D2B2 /* Report.m */,
				4214A3F6140392A30030E066 /* Student.h */,
				4214A3F7140392A40030E066 /* Student.m */,
				4214A4061403B16A0030E066 /* test.h */,
				4214A4071403B16A0030E066 /* test.m */,
				4214A3FA140392C10030E066 /* Period.h */,
				4214A3FB140392C10030E066 /* Period.m */,
				4214A3FD140392CB0030E066 /* Result.h */,
				4214A3FE140392CB0030E066 /* Result.m */,
				42A58E3F13F2A290002D8DD8 /* Supporting Files */,
			);
			path = FontysApp;
			sourceTree = "<group>";
		};
		42A58E3F13F2A290002D8DD8 /* Supporting Files */ = {
			isa = PBXGroup;
			children = (
				42A58E4013F2A290002D8DD8 /* FontysApp-Info.plist */,
				42A58E4113F2A290002D8DD8 /* InfoPlist.strings */,
				42A58E4413F2A290002D8DD8 /* main.m */,
				42A58E4613F2A290002D8DD8 /* FontysApp-Prefix.pch */,
			);
			name = "Supporting Files";
			sourceTree = "<group>";
		};
/* End PBXGroup section */

/* Begin PBXNativeTarget section */
		42A58E3313F2A290002D8DD8 /* FontysApp */ = {
			isa = PBXNativeTarget;
			buildConfigurationList = 42A58E5B13F2A290002D8DD8 /* Build configuration list for PBXNativeTarget "FontysApp" */;
			buildPhases = (
				42A58E3013F2A290002D8DD8 /* Sources */,
				42A58E3113F2A290002D8DD8 /* Frameworks */,
				42A58E3213F2A290002D8DD8 /* Resources */,
			);
			buildRules = (
			);
			dependencies = (
			);
			name = FontysApp;
			productName = FontysApp;
			productReference = 42A58E3413F2A290002D8DD8 /* FontysApp.app */;
			productType = "com.apple.product-type.application";
		};
/* End PBXNativeTarget section */

/* Begin PBXProject section */
		42A58E2B13F2A290002D8DD8 /* Project object */ = {
			isa = PBXProject;
			attributes = {
				LastUpgradeCheck = 0420;
				ORGANIZATIONNAME = "Fontys Hogeschool ICT";
			};
			buildConfigurationList = 42A58E2E13F2A290002D8DD8 /* Build configuration list for PBXProject "FontysApp" */;
			compatibilityVersion = "Xcode 3.2";
			developmentRegion = English;
			hasScannedForEncodings = 0;
			knownRegions = (
				en,
			);
			mainGroup = 42A58E2913F2A290002D8DD8;
			productRefGroup = 42A58E3513F2A290002D8DD8 /* Products */;
			projectDirPath = "";
			projectRoot = "";
			targets = (
				42A58E3313F2A290002D8DD8 /* FontysApp */,
			);
		};
/* End PBXProject section */

/* Begin PBXResourcesBuildPhase section */
		42A58E3213F2A290002D8DD8 /* Resources */ = {
			isa = PBXResourcesBuildPhase;
			buildActionMask = 2147483647;
			files = (
				42A58E4313F2A290002D8DD8 /* InfoPlist.strings in Resources */,
				42A58E4C13F2A290002D8DD8 /* MainWindow.xib in Resources */,
				421FDE1014016D3700571393 /* LoginWindow.xib in Resources */,
				42148277140580F0008672AB /* ResultsView.xib in Resources */,
			);
			runOnlyForDeploymentPostprocessing = 0;
		};
/* End PBXResourcesBuildPhase section */

/* Begin PBXSourcesBuildPhase section */
		42A58E3013F2A290002D8DD8 /* Sources */ = {
			isa = PBXSourcesBuildPhase;
			buildActionMask = 2147483647;
			files = (
				42A58E4513F2A290002D8DD8 /* main.m in Sources */,
				42A58E4913F2A290002D8DD8 /* FontysAppAppDelegate.m in Sources */,
				421FDE0F14016D3700571393 /* LoginWindow.m in Sources */,
				4214A3F8140392A40030E066 /* Student.m in Sources */,
				4214A3FC140392C10030E066 /* Period.m in Sources */,
				4214A3FF140392CB0030E066 /* Result.m in Sources */,
				4214A4081403B16A0030E066 /* test.m in Sources */,
				428D01C41403DC400025D2B2 /* Report.m in Sources */,
				42148276140580F0008672AB /* ResultsView.m in Sources */,
			);
			runOnlyForDeploymentPostprocessing = 0;
		};
/* End PBXSourcesBuildPhase section */

/* Begin PBXVariantGroup section */
		42A58E4113F2A290002D8DD8 /* InfoPlist.strings */ = {
			isa = PBXVariantGroup;
			children = (
				42A58E4213F2A290002D8DD8 /* en */,
			);
			name = InfoPlist.strings;
			sourceTree = "<group>";
		};
		42A58E4A13F2A290002D8DD8 /* MainWindow.xib */ = {
			isa = PBXVariantGroup;
			children = (
				42A58E4B13F2A290002D8DD8 /* en */,
			);
			name = MainWindow.xib;
			sourceTree = "<group>";
		};
/* End PBXVariantGroup section */

/* Begin XCBuildConfiguration section */
		42A58E5913F2A290002D8DD8 /* Debug */ = {
			isa = XCBuildConfiguration;
			buildSettings = {
				ALWAYS_SEARCH_USER_PATHS = NO;
				ARCHS = "$(ARCHS_STANDARD_32_BIT)";
				"CODE_SIGN_IDENTITY[sdk=iphoneos*]" = "iPhone Developer";
				COPY_PHASE_STRIP = NO;
				GCC_C_LANGUAGE_STANDARD = gnu99;
				GCC_DYNAMIC_NO_PIC = NO;
				GCC_OPTIMIZATION_LEVEL = 0;
				GCC_PREPROCESSOR_DEFINITIONS = (
					"DEBUG=1",
					"$(inherited)",
				);
				GCC_SYMBOLS_PRIVATE_EXTERN = NO;
				GCC_VERSION = com.apple.compilers.llvmgcc42;
				GCC_WARN_ABOUT_MISSING_PROTOTYPES = YES;
				GCC_WARN_ABOUT_RETURN_TYPE = YES;
				GCC_WARN_UNUSED_VARIABLE = YES;
				IPHONEOS_DEPLOYMENT_TARGET = 4.3;
				SDKROOT = iphoneos;
			};
			name = Debug;
		};
		42A58E5A13F2A290002D8DD8 /* Release */ = {
			isa = XCBuildConfiguration;
			buildSettings = {
				ALWAYS_SEARCH_USER_PATHS = NO;
				ARCHS = "$(ARCHS_STANDARD_32_BIT)";
				"CODE_SIGN_IDENTITY[sdk=iphoneos*]" = "iPhone Developer";
				COPY_PHASE_STRIP = YES;
				GCC_C_LANGUAGE_STANDARD = gnu99;
				GCC_VERSION = com.apple.compilers.llvmgcc42;
				GCC_WARN_ABOUT_MISSING_PROTOTYPES = YES;
				GCC_WARN_ABOUT_RETURN_TYPE = YES;
				GCC_WARN_UNUSED_VARIABLE = YES;
				IPHONEOS_DEPLOYMENT_TARGET = 4.3;
				OTHER_CFLAGS = "-DNS_BLOCK_ASSERTIONS=1";
				SDKROOT = iphoneos;
				VALIDATE_PRODUCT = YES;
			};
			name = Release;
		};
		42A58E5C13F2A290002D8DD8 /* Debug */ = {
			isa = XCBuildConfiguration;
			buildSettings = {
				GCC_PRECOMPILE_PREFIX_HEADER = YES;
				GCC_PREFIX_HEADER = "FontysApp/FontysApp-Prefix.pch";
				INFOPLIST_FILE = "FontysApp/FontysApp-Info.plist";
				PRODUCT_NAME = "$(TARGET_NAME)";
				WRAPPER_EXTENSION = app;
			};
			name = Debug;
		};
		42A58E5D13F2A290002D8DD8 /* Release */ = {
			isa = XCBuildConfiguration;
			buildSettings = {
				GCC_PRECOMPILE_PREFIX_HEADER = YES;
				GCC_PREFIX_HEADER = "FontysApp/FontysApp-Prefix.pch";
				INFOPLIST_FILE = "FontysApp/FontysApp-Info.plist";
				PRODUCT_NAME = "$(TARGET_NAME)";
				WRAPPER_EXTENSION = app;
			};
			name = Release;
		};
/* End XCBuildConfiguration section */

/* Begin XCConfigurationList section */
		42A58E2E13F2A290002D8DD8 /* Build configuration list for PBXProject "FontysApp" */ = {
			isa = XCConfigurationList;
			buildConfigurations = (
				42A58E5913F2A290002D8DD8 /* Debug */,
				42A58E5A13F2A290002D8DD8 /* Release */,
			);
			defaultConfigurationIsVisible = 0;
			defaultConfigurationName = Release;
		};
		42A58E5B13F2A290002D8DD8 /* Build configuration list for PBXNativeTarget "FontysApp" */ = {
			isa = XCConfigurationList;
			buildConfigurations = (
				42A58E5C13F2A290002D8DD8 /* Debug */,
				42A58E5D13F2A290002D8DD8 /* Release */,
			);
			defaultConfigurationIsVisible = 0;
			defaultConfigurationName = Release;
		};
/* End XCConfigurationList section */
	};
	rootObject = 42A58E2B13F2A290002D8DD8 /* Project object */;
}
